// !$*UTF8*$!
{
	archiveVersion = 1;
	classes = {
	};
	objectVersion = 46;
	objects = {

/* Begin PBXBuildFile section */
		B61F648C1F63ABD4007FB0B8 /* GeneratingCardSpec.swift in Sources */ = {isa = PBXBuildFile; fileRef = B61F648B1F63ABD4007FB0B8 /* GeneratingCardSpec.swift */; };
		B61F648E1F63C476007FB0B8 /* TwoCardPokerSpec.swift in Sources */ = {isa = PBXBuildFile; fileRef = B61F648D1F63C476007FB0B8 /* TwoCardPokerSpec.swift */; };
		B61F64901F63C69D007FB0B8 /* TwoCardPoker.swift in Sources */ = {isa = PBXBuildFile; fileRef = B61F648F1F63C69D007FB0B8 /* TwoCardPoker.swift */; };
		B66890041F63995C00AA6918 /* AppDelegate.swift in Sources */ = {isa = PBXBuildFile; fileRef = B66890031F63995C00AA6918 /* AppDelegate.swift */; };
		B66890061F63995C00AA6918 /* ViewController.swift in Sources */ = {isa = PBXBuildFile; fileRef = B66890051F63995C00AA6918 /* ViewController.swift */; };
		B66890091F63995C00AA6918 /* Main.storyboard in Resources */ = {isa = PBXBuildFile; fileRef = B66890071F63995C00AA6918 /* Main.storyboard */; };
		B668900B1F63995C00AA6918 /* Assets.xcassets in Resources */ = {isa = PBXBuildFile; fileRef = B668900A1F63995C00AA6918 /* Assets.xcassets */; };
		B668900E1F63995C00AA6918 /* LaunchScreen.storyboard in Resources */ = {isa = PBXBuildFile; fileRef = B668900C1F63995C00AA6918 /* LaunchScreen.storyboard */; };
		B66890241F639A9800AA6918 /* ComparingCardSpec.swift in Sources */ = {isa = PBXBuildFile; fileRef = B66890231F639A9800AA6918 /* ComparingCardSpec.swift */; };
		B66890261F639DF500AA6918 /* Card.swift in Sources */ = {isa = PBXBuildFile; fileRef = B66890251F639DF500AA6918 /* Card.swift */; };
		BF8D82C8880BEBBD9EA00CAA /* Pods_tddbc7_pokerTests.framework in Frameworks */ = {isa = PBXBuildFile; fileRef = B0113E92F80FDBD8BF49F9B9 /* Pods_tddbc7_pokerTests.framework */; };
		F0D148596DD2542E5B1AA028 /* Pods_tddbc7_poker.framework in Frameworks */ = {isa = PBXBuildFile; fileRef = 9921F6023402BA7FA306B61D /* Pods_tddbc7_poker.framework */; };
/* End PBXBuildFile section */

/* Begin PBXContainerItemProxy section */
		B66890151F63995C00AA6918 /* PBXContainerItemProxy */ = {
			isa = PBXContainerItemProxy;
			containerPortal = B6688FF81F63995B00AA6918 /* Project object */;
			proxyType = 1;
			remoteGlobalIDString = B6688FFF1F63995B00AA6918;
			remoteInfo = tddbc7_poker;
		};
/* End PBXContainerItemProxy section */

/* Begin PBXFileReference section */
		1D31A60EF01D1DA6FC3DA021 /* Pods-tddbc7_poker.release.xcconfig */ = {isa = PBXFileReference; includeInIndex = 1; lastKnownFileType = text.xcconfig; name = "Pods-tddbc7_poker.release.xcconfig"; path = "Pods/Target Support Files/Pods-tddbc7_poker/Pods-tddbc7_poker.release.xcconfig"; sourceTree = "<group>"; };
		5B1A243A76CAE591AAA46266 /* Pods-tddbc7_pokerTests.release.xcconfig */ = {isa = PBXFileReference; includeInIndex = 1; lastKnownFileType = text.xcconfig; name = "Pods-tddbc7_pokerTests.release.xcconfig"; path = "Pods/Target Support Files/Pods-tddbc7_pokerTests/Pods-tddbc7_pokerTests.release.xcconfig"; sourceTree = "<group>"; };
		9921F6023402BA7FA306B61D /* Pods_tddbc7_poker.framework */ = {isa = PBXFileReference; explicitFileType = wrapper.framework; includeInIndex = 0; path = Pods_tddbc7_poker.framework; sourceTree = BUILT_PRODUCTS_DIR; };
		99EB3845F0F3E9E87D869C8E /* Pods-tddbc7_pokerTests.debug.xcconfig */ = {isa = PBXFileReference; includeInIndex = 1; lastKnownFileType = text.xcconfig; name = "Pods-tddbc7_pokerTests.debug.xcconfig"; path = "Pods/Target Support Files/Pods-tddbc7_pokerTests/Pods-tddbc7_pokerTests.debug.xcconfig"; sourceTree = "<group>"; };
		AFCE655545600C73529213AA /* Pods-tddbc7_poker.debug.xcconfig */ = {isa = PBXFileReference; includeInIndex = 1; lastKnownFileType = text.xcconfig; name = "Pods-tddbc7_poker.debug.xcconfig"; path = "Pods/Target Support Files/Pods-tddbc7_poker/Pods-tddbc7_poker.debug.xcconfig"; sourceTree = "<group>"; };
		B0113E92F80FDBD8BF49F9B9 /* Pods_tddbc7_pokerTests.framework */ = {isa = PBXFileReference; explicitFileType = wrapper.framework; includeInIndex = 0; path = Pods_tddbc7_pokerTests.framework; sourceTree = BUILT_PRODUCTS_DIR; };
		B61F648B1F63ABD4007FB0B8 /* GeneratingCardSpec.swift */ = {isa = PBXFileReference; fileEncoding = 4; lastKnownFileType = sourcecode.swift; path = GeneratingCardSpec.swift; sourceTree = "<group>"; };
		B61F648D1F63C476007FB0B8 /* TwoCardPokerSpec.swift */ = {isa = PBXFileReference; fileEncoding = 4; lastKnownFileType = sourcecode.swift; path = TwoCardPokerSpec.swift; sourceTree = "<group>"; };
		B61F648F1F63C69D007FB0B8 /* TwoCardPoker.swift */ = {isa = PBXFileReference; fileEncoding = 4; lastKnownFileType = sourcecode.swift; path = TwoCardPoker.swift; sourceTree = "<group>"; };
		B66890001F63995C00AA6918 /* tddbc7_poker.app */ = {isa = PBXFileReference; explicitFileType = wrapper.application; includeInIndex = 0; path = tddbc7_poker.app; sourceTree = BUILT_PRODUCTS_DIR; };
		B66890031F63995C00AA6918 /* AppDelegate.swift */ = {isa = PBXFileReference; lastKnownFileType = sourcecode.swift; path = AppDelegate.swift; sourceTree = "<group>"; };
		B66890051F63995C00AA6918 /* ViewController.swift */ = {isa = PBXFileReference; lastKnownFileType = sourcecode.swift; path = ViewController.swift; sourceTree = "<group>"; };
		B66890081F63995C00AA6918 /* Base */ = {isa = PBXFileReference; lastKnownFileType = file.storyboard; name = Base; path = Base.lproj/Main.storyboard; sourceTree = "<group>"; };
		B668900A1F63995C00AA6918 /* Assets.xcassets */ = {isa = PBXFileReference; lastKnownFileType = folder.assetcatalog; path = Assets.xcassets; sourceTree = "<group>"; };
		B668900D1F63995C00AA6918 /* Base */ = {isa = PBXFileReference; lastKnownFileType = file.storyboard; name = Base; path = Base.lproj/LaunchScreen.storyboard; sourceTree = "<group>"; };
		B668900F1F63995C00AA6918 /* Info.plist */ = {isa = PBXFileReference; lastKnownFileType = text.plist.xml; path = Info.plist; sourceTree = "<group>"; };
		B66890141F63995C00AA6918 /* tddbc7_pokerTests.xctest */ = {isa = PBXFileReference; explicitFileType = wrapper.cfbundle; includeInIndex = 0; path = tddbc7_pokerTests.xctest; sourceTree = BUILT_PRODUCTS_DIR; };
		B668901A1F63995C00AA6918 /* Info.plist */ = {isa = PBXFileReference; lastKnownFileType = text.plist.xml; path = Info.plist; sourceTree = "<group>"; };
		B66890231F639A9800AA6918 /* ComparingCardSpec.swift */ = {isa = PBXFileReference; fileEncoding = 4; lastKnownFileType = sourcecode.swift; path = ComparingCardSpec.swift; sourceTree = "<group>"; };
		B66890251F639DF500AA6918 /* Card.swift */ = {isa = PBXFileReference; fileEncoding = 4; lastKnownFileType = sourcecode.swift; path = Card.swift; sourceTree = "<group>"; };
/* End PBXFileReference section */

/* Begin PBXFrameworksBuildPhase section */
		B6688FFD1F63995B00AA6918 /* Frameworks */ = {
			isa = PBXFrameworksBuildPhase;
			buildActionMask = 2147483647;
			files = (
				F0D148596DD2542E5B1AA028 /* Pods_tddbc7_poker.framework in Frameworks */,
			);
			runOnlyForDeploymentPostprocessing = 0;
		};
		B66890111F63995C00AA6918 /* Frameworks */ = {
			isa = PBXFrameworksBuildPhase;
			buildActionMask = 2147483647;
			files = (
				BF8D82C8880BEBBD9EA00CAA /* Pods_tddbc7_pokerTests.framework in Frameworks */,
			);
			runOnlyForDeploymentPostprocessing = 0;
		};
/* End PBXFrameworksBuildPhase section */

/* Begin PBXGroup section */
		9274605E8501808F47739D23 /* Pods */ = {
			isa = PBXGroup;
			children = (
				AFCE655545600C73529213AA /* Pods-tddbc7_poker.debug.xcconfig */,
				1D31A60EF01D1DA6FC3DA021 /* Pods-tddbc7_poker.release.xcconfig */,
				99EB3845F0F3E9E87D869C8E /* Pods-tddbc7_pokerTests.debug.xcconfig */,
				5B1A243A76CAE591AAA46266 /* Pods-tddbc7_pokerTests.release.xcconfig */,
			);
			name = Pods;
			sourceTree = "<group>";
		};
		B3AEDFFC92A4BB22D9F81C59 /* Frameworks */ = {
			isa = PBXGroup;
			children = (
				9921F6023402BA7FA306B61D /* Pods_tddbc7_poker.framework */,
				B0113E92F80FDBD8BF49F9B9 /* Pods_tddbc7_pokerTests.framework */,
			);
			name = Frameworks;
			sourceTree = "<group>";
		};
		B6688FF71F63995B00AA6918 = {
			isa = PBXGroup;
			children = (
				B66890021F63995C00AA6918 /* tddbc7_poker */,
				B66890171F63995C00AA6918 /* tddbc7_pokerTests */,
				B66890011F63995C00AA6918 /* Products */,
				9274605E8501808F47739D23 /* Pods */,
				B3AEDFFC92A4BB22D9F81C59 /* Frameworks */,
			);
			sourceTree = "<group>";
		};
		B66890011F63995C00AA6918 /* Products */ = {
			isa = PBXGroup;
			children = (
				B66890001F63995C00AA6918 /* tddbc7_poker.app */,
				B66890141F63995C00AA6918 /* tddbc7_pokerTests.xctest */,
			);
			name = Products;
			sourceTree = "<group>";
		};
		B66890021F63995C00AA6918 /* tddbc7_poker */ = {
			isa = PBXGroup;
			children = (
				B66890031F63995C00AA6918 /* AppDelegate.swift */,
				B66890051F63995C00AA6918 /* ViewController.swift */,
				B66890071F63995C00AA6918 /* Main.storyboard */,
				B668900A1F63995C00AA6918 /* Assets.xcassets */,
				B668900C1F63995C00AA6918 /* LaunchScreen.storyboard */,
				B668900F1F63995C00AA6918 /* Info.plist */,
				B66890251F639DF500AA6918 /* Card.swift */,
				B61F648F1F63C69D007FB0B8 /* TwoCardPoker.swift */,
			);
			path = tddbc7_poker;
			sourceTree = "<group>";
		};
		B66890171F63995C00AA6918 /* tddbc7_pokerTests */ = {
			isa = PBXGroup;
			children = (
				B668901A1F63995C00AA6918 /* Info.plist */,
				B61F648B1F63ABD4007FB0B8 /* GeneratingCardSpec.swift */,
				B66890231F639A9800AA6918 /* ComparingCardSpec.swift */,
				B61F648D1F63C476007FB0B8 /* TwoCardPokerSpec.swift */,
			);
			path = tddbc7_pokerTests;
			sourceTree = "<group>";
		};
/* End PBXGroup section */

/* Begin PBXNativeTarget section */
		B6688FFF1F63995B00AA6918 /* tddbc7_poker */ = {
			isa = PBXNativeTarget;
			buildConfigurationList = B668901D1F63995C00AA6918 /* Build configuration list for PBXNativeTarget "tddbc7_poker" */;
			buildPhases = (
				CDDB48F3C7F794198F7B0132 /* [CP] Check Pods Manifest.lock */,
				B6688FFC1F63995B00AA6918 /* Sources */,
				B6688FFD1F63995B00AA6918 /* Frameworks */,
				B6688FFE1F63995B00AA6918 /* Resources */,
				471F849C1C1C60B2FD286F36 /* [CP] Embed Pods Frameworks */,
				44A7E01761405736A7FC3AC9 /* [CP] Copy Pods Resources */,
			);
			buildRules = (
			);
			dependencies = (
			);
			name = tddbc7_poker;
			productName = tddbc7_poker;
			productReference = B66890001F63995C00AA6918 /* tddbc7_poker.app */;
			productType = "com.apple.product-type.application";
		};
		B66890131F63995C00AA6918 /* tddbc7_pokerTests */ = {
			isa = PBXNativeTarget;
			buildConfigurationList = B66890201F63995C00AA6918 /* Build configuration list for PBXNativeTarget "tddbc7_pokerTests" */;
			buildPhases = (
				F00A92037C1AE6B3F0603F94 /* [CP] Check Pods Manifest.lock */,
				B66890101F63995C00AA6918 /* Sources */,
				B66890111F63995C00AA6918 /* Frameworks */,
				B66890121F63995C00AA6918 /* Resources */,
				185A9828A91EA47EF2BE9AC6 /* [CP] Embed Pods Frameworks */,
				A6417355B413EFC072C753E9 /* [CP] Copy Pods Resources */,
			);
			buildRules = (
			);
			dependencies = (
				B66890161F63995C00AA6918 /* PBXTargetDependency */,
			);
			name = tddbc7_pokerTests;
			productName = tddbc7_pokerTests;
			productReference = B66890141F63995C00AA6918 /* tddbc7_pokerTests.xctest */;
			productType = "com.apple.product-type.bundle.unit-test";
		};
/* End PBXNativeTarget section */

/* Begin PBXProject section */
		B6688FF81F63995B00AA6918 /* Project object */ = {
			isa = PBXProject;
			attributes = {
				LastSwiftUpdateCheck = 0820;
				LastUpgradeCheck = 0820;
				ORGANIZATIONNAME = "Hidetoshi Mori";
				TargetAttributes = {
					B6688FFF1F63995B00AA6918 = {
						CreatedOnToolsVersion = 8.2.1;
						DevelopmentTeam = 853V26HB36;
						ProvisioningStyle = Automatic;
					};
					B66890131F63995C00AA6918 = {
						CreatedOnToolsVersion = 8.2.1;
						DevelopmentTeam = 853V26HB36;
						LastSwiftMigration = 0820;
						ProvisioningStyle = Automatic;
						TestTargetID = B6688FFF1F63995B00AA6918;
					};
				};
			};
			buildConfigurationList = B6688FFB1F63995B00AA6918 /* Build configuration list for PBXProject "tddbc7_poker" */;
			compatibilityVersion = "Xcode 3.2";
			developmentRegion = English;
			hasScannedForEncodings = 0;
			knownRegions = (
				en,
				Base,
			);
			mainGroup = B6688FF71F63995B00AA6918;
			productRefGroup = B66890011F63995C00AA6918 /* Products */;
			projectDirPath = "";
			projectRoot = "";
			targets = (
				B6688FFF1F63995B00AA6918 /* tddbc7_poker */,
				B66890131F63995C00AA6918 /* tddbc7_pokerTests */,
			);
		};
/* End PBXProject section */

/* Begin PBXResourcesBuildPhase section */
		B6688FFE1F63995B00AA6918 /* Resources */ = {
			isa = PBXResourcesBuildPhase;
			buildActionMask = 2147483647;
			files = (
				B668900E1F63995C00AA6918 /* LaunchScreen.storyboard in Resources */,
				B668900B1F63995C00AA6918 /* Assets.xcassets in Resources */,
				B66890091F63995C00AA6918 /* Main.storyboard in Resources */,
			);
			runOnlyForDeploymentPostprocessing = 0;
		};
		B66890121F63995C00AA6918 /* Resources */ = {
			isa = PBXResourcesBuildPhase;
			buildActionMask = 2147483647;
			files = (
			);
			runOnlyForDeploymentPostprocessing = 0;
		};
/* End PBXResourcesBuildPhase section */

/* Begin PBXShellScriptBuildPhase section */
		185A9828A91EA47EF2BE9AC6 /* [CP] Embed Pods Frameworks */ = {
			isa = PBXShellScriptBuildPhase;
			buildActionMask = 2147483647;
			files = (
			);
			inputPaths = (
			);
			name = "[CP] Embed Pods Frameworks";
			outputPaths = (
			);
			runOnlyForDeploymentPostprocessing = 0;
			shellPath = /bin/sh;
			shellScript = "\"${SRCROOT}/Pods/Target Support Files/Pods-tddbc7_pokerTests/Pods-tddbc7_pokerTests-frameworks.sh\"\n";
			showEnvVarsInLog = 0;
		};
		44A7E01761405736A7FC3AC9 /* [CP] Copy Pods Resources */ = {
			isa = PBXShellScriptBuildPhase;
			buildActionMask = 2147483647;
			files = (
			);
			inputPaths = (
			);
			name = "[CP] Copy Pods Resources";
			outputPaths = (
			);
			runOnlyForDeploymentPostprocessing = 0;
			shellPath = /bin/sh;
			shellScript = "\"${SRCROOT}/Pods/Target Support Files/Pods-tddbc7_poker/Pods-tddbc7_poker-resources.sh\"\n";
			showEnvVarsInLog = 0;
		};
		471F849C1C1C60B2FD286F36 /* [CP] Embed Pods Frameworks */ = {
			isa = PBXShellScriptBuildPhase;
			buildActionMask = 2147483647;
			files = (
			);
			inputPaths = (
			);
			name = "[CP] Embed Pods Frameworks";
			outputPaths = (
			);
			runOnlyForDeploymentPostprocessing = 0;
			shellPath = /bin/sh;
			shellScript = "\"${SRCROOT}/Pods/Target Support Files/Pods-tddbc7_poker/Pods-tddbc7_poker-frameworks.sh\"\n";
			showEnvVarsInLog = 0;
		};
		A6417355B413EFC072C753E9 /* [CP] Copy Pods Resources */ = {
			isa = PBXShellScriptBuildPhase;
			buildActionMask = 2147483647;
			files = (
			);
			inputPaths = (
			);
			name = "[CP] Copy Pods Resources";
			outputPaths = (
			);
			runOnlyForDeploymentPostprocessing = 0;
			shellPath = /bin/sh;
			shellScript = "\"${SRCROOT}/Pods/Target Support Files/Pods-tddbc7_pokerTests/Pods-tddbc7_pokerTests-resources.sh\"\n";
			showEnvVarsInLog = 0;
		};
		CDDB48F3C7F794198F7B0132 /* [CP] Check Pods Manifest.lock */ = {
			isa = PBXShellScriptBuildPhase;
			buildActionMask = 2147483647;
			files = (
			);
			inputPaths = (
			);
			name = "[CP] Check Pods Manifest.lock";
			outputPaths = (
			);
			runOnlyForDeploymentPostprocessing = 0;
			shellPath = /bin/sh;
			shellScript = "diff \"${PODS_ROOT}/../Podfile.lock\" \"${PODS_ROOT}/Manifest.lock\" > /dev/null\nif [ $? != 0 ] ; then\n    # print error to STDERR\n    echo \"error: The sandbox is not in sync with the Podfile.lock. Run 'pod install' or update your CocoaPods installation.\" >&2\n    exit 1\nfi\n";
			showEnvVarsInLog = 0;
		};
		F00A92037C1AE6B3F0603F94 /* [CP] Check Pods Manifest.lock */ = {
			isa = PBXShellScriptBuildPhase;
			buildActionMask = 2147483647;
			files = (
			);
			inputPaths = (
			);
			name = "[CP] Check Pods Manifest.lock";
			outputPaths = (
			);
			runOnlyForDeploymentPostprocessing = 0;
			shellPath = /bin/sh;
			shellScript = "diff \"${PODS_ROOT}/../Podfile.lock\" \"${PODS_ROOT}/Manifest.lock\" > /dev/null\nif [ $? != 0 ] ; then\n    # print error to STDERR\n    echo \"error: The sandbox is not in sync with the Podfile.lock. Run 'pod install' or update your CocoaPods installation.\" >&2\n    exit 1\nfi\n";
			showEnvVarsInLog = 0;
		};
/* End PBXShellScriptBuildPhase section */

/* Begin PBXSourcesBuildPhase section */
		B6688FFC1F63995B00AA6918 /* Sources */ = {
			isa = PBXSourcesBuildPhase;
			buildActionMask = 2147483647;
			files = (
				B66890061F63995C00AA6918 /* ViewController.swift in Sources */,
				B66890261F639DF500AA6918 /* Card.swift in Sources */,
				B61F64901F63C69D007FB0B8 /* TwoCardPoker.swift in Sources */,
				B66890041F63995C00AA6918 /* AppDelegate.swift in Sources */,
			);
			runOnlyForDeploymentPostprocessing = 0;
		};
		B66890101F63995C00AA6918 /* Sources */ = {
			isa = PBXSourcesBuildPhase;
			buildActionMask = 2147483647;
			files = (
				B61F648C1F63ABD4007FB0B8 /* GeneratingCardSpec.swift in Sources */,
				B61F648E1F63C476007FB0B8 /* TwoCardPokerSpec.swift in Sources */,
				B66890241F639A9800AA6918 /* ComparingCardSpec.swift in Sources */,
			);
			runOnlyForDeploymentPostprocessing = 0;
		};
/* End PBXSourcesBuildPhase section */

/* Begin PBXTargetDependency section */
		B66890161F63995C00AA6918 /* PBXTargetDependency */ = {
			isa = PBXTargetDependency;
			target = B6688FFF1F63995B00AA6918 /* tddbc7_poker */;
			targetProxy = B66890151F63995C00AA6918 /* PBXContainerItemProxy */;
		};
/* End PBXTargetDependency section */

/* Begin PBXVariantGroup section */
		B66890071F63995C00AA6918 /* Main.storyboard */ = {
			isa = PBXVariantGroup;
			children = (
				B66890081F63995C00AA6918 /* Base */,
			);
			name = Main.storyboard;
			sourceTree = "<group>";
		};
		B668900C1F63995C00AA6918 /* LaunchScreen.storyboard */ = {
			isa = PBXVariantGroup;
			children = (
				B668900D1F63995C00AA6918 /* Base */,
			);
			name = LaunchScreen.storyboard;
			sourceTree = "<group>";
		};
/* End PBXVariantGroup section */

/* Begin XCBuildConfiguration section */
		B668901B1F63995C00AA6918 /* Debug */ = {
			isa = XCBuildConfiguration;
			buildSettings = {
				ALWAYS_SEARCH_USER_PATHS = NO;
				CLANG_ANALYZER_NONNULL = YES;
				CLANG_CXX_LANGUAGE_STANDARD = "gnu++0x";
				CLANG_CXX_LIBRARY = "libc++";
				CLANG_ENABLE_MODULES = YES;
				CLANG_ENABLE_OBJC_ARC = YES;
				CLANG_WARN_BOOL_CONVERSION = YES;
				CLANG_WARN_CONSTANT_CONVERSION = YES;
				CLANG_WARN_DIRECT_OBJC_ISA_USAGE = YES_ERROR;
				CLANG_WARN_DOCUMENTATION_COMMENTS = YES;
				CLANG_WARN_EMPTY_BODY = YES;
				CLANG_WARN_ENUM_CONVERSION = YES;
				CLANG_WARN_INFINITE_RECURSION = YES;
				CLANG_WARN_INT_CONVERSION = YES;
				CLANG_WARN_OBJC_ROOT_CLASS = YES_ERROR;
				CLANG_WARN_SUSPICIOUS_MOVE = YES;
				CLANG_WARN_UNREACHABLE_CODE = YES;
				CLANG_WARN__DUPLICATE_METHOD_MATCH = YES;
				"CODE_SIGN_IDENTITY[sdk=iphoneos*]" = "iPhone Developer";
				COPY_PHASE_STRIP = NO;
				DEBUG_INFORMATION_FORMAT = dwarf;
				ENABLE_STRICT_OBJC_MSGSEND = YES;
				ENABLE_TESTABILITY = YES;
				GCC_C_LANGUAGE_STANDARD = gnu99;
				GCC_DYNAMIC_NO_PIC = NO;
				GCC_NO_COMMON_BLOCKS = YES;
				GCC_OPTIMIZATION_LEVEL = 0;
				GCC_PREPROCESSOR_DEFINITIONS = (
					"DEBUG=1",
					"$(inherited)",
				);
				GCC_WARN_64_TO_32_BIT_CONVERSION = YES;
				GCC_WARN_ABOUT_RETURN_TYPE = YES_ERROR;
				GCC_WARN_UNDECLARED_SELECTOR = YES;
				GCC_WARN_UNINITIALIZED_AUTOS = YES_AGGRESSIVE;
				GCC_WARN_UNUSED_FUNCTION = YES;
				GCC_WARN_UNUSED_VARIABLE = YES;
				IPHONEOS_DEPLOYMENT_TARGET = 10.2;
				MTL_ENABLE_DEBUG_INFO = YES;
				ONLY_ACTIVE_ARCH = YES;
				SDKROOT = iphoneos;
				SWIFT_ACTIVE_COMPILATION_CONDITIONS = DEBUG;
				SWIFT_OPTIMIZATION_LEVEL = "-Onone";
			};
			name = Debug;
		};
		B668901C1F63995C00AA6918 /* Release */ = {
			isa = XCBuildConfiguration;
			buildSettings = {
				ALWAYS_SEARCH_USER_PATHS = NO;
				CLANG_ANALYZER_NONNULL = YES;
				CLANG_CXX_LANGUAGE_STANDARD = "gnu++0x";
				CLANG_CXX_LIBRARY = "libc++";
				CLANG_ENABLE_MODULES = YES;
				CLANG_ENABLE_OBJC_ARC = YES;
				CLANG_WARN_BOOL_CONVERSION = YES;
				CLANG_WARN_CONSTANT_CONVERSION = YES;
				CLANG_WARN_DIRECT_OBJC_ISA_USAGE = YES_ERROR;
				CLANG_WARN_DOCUMENTATION_COMMENTS = YES;
				CLANG_WARN_EMPTY_BODY = YES;
				CLANG_WARN_ENUM_CONVERSION = YES;
				CLANG_WARN_INFINITE_RECURSION = YES;
				CLANG_WARN_INT_CONVERSION = YES;
				CLANG_WARN_OBJC_ROOT_CLASS = YES_ERROR;
				CLANG_WARN_SUSPICIOUS_MOVE = YES;
				CLANG_WARN_UNREACHABLE_CODE = YES;
				CLANG_WARN__DUPLICATE_METHOD_MATCH = YES;
				"CODE_SIGN_IDENTITY[sdk=iphoneos*]" = "iPhone Developer";
				COPY_PHASE_STRIP = NO;
				DEBUG_INFORMATION_FORMAT = "dwarf-with-dsym";
				ENABLE_NS_ASSERTIONS = NO;
				ENABLE_STRICT_OBJC_MSGSEND = YES;
				GCC_C_LANGUAGE_STANDARD = gnu99;
				GCC_NO_COMMON_BLOCKS = YES;
				GCC_WARN_64_TO_32_BIT_CONVERSION = YES;
				GCC_WARN_ABOUT_RETURN_TYPE = YES_ERROR;
				GCC_WARN_UNDECLARED_SELECTOR = YES;
				GCC_WARN_UNINITIALIZED_AUTOS = YES_AGGRESSIVE;
				GCC_WARN_UNUSED_FUNCTION = YES;
				GCC_WARN_UNUSED_VARIABLE = YES;
				IPHONEOS_DEPLOYMENT_TARGET = 10.2;
				MTL_ENABLE_DEBUG_INFO = NO;
				SDKROOT = iphoneos;
				SWIFT_OPTIMIZATION_LEVEL = "-Owholemodule";
				VALIDATE_PRODUCT = YES;
			};
			name = Release;
		};
		B668901E1F63995C00AA6918 /* Debug */ = {
			isa = XCBuildConfiguration;
			baseConfigurationReference = AFCE655545600C73529213AA /* Pods-tddbc7_poker.debug.xcconfig */;
			buildSettings = {
				ASSETCATALOG_COMPILER_APPICON_NAME = AppIcon;
				DEVELOPMENT_TEAM = 853V26HB36;
				INFOPLIST_FILE = tddbc7_poker/Info.plist;
				LD_RUNPATH_SEARCH_PATHS = "$(inherited) @executable_path/Frameworks";
				PRODUCT_BUNDLE_IDENTIFIER = "jp.hmori.tddbc7-poker";
				PRODUCT_NAME = "$(TARGET_NAME)";
				SWIFT_VERSION = 3.0;
			};
			name = Debug;
		};
		B668901F1F63995C00AA6918 /* Release */ = {
			isa = XCBuildConfiguration;
			baseConfigurationReference = 1D31A60EF01D1DA6FC3DA021 /* Pods-tddbc7_poker.release.xcconfig */;
			buildSettings = {
				ASSETCATALOG_COMPILER_APPICON_NAME = AppIcon;
				DEVELOPMENT_TEAM = 853V26HB36;
				INFOPLIST_FILE = tddbc7_poker/Info.plist;
				LD_RUNPATH_SEARCH_PATHS = "$(inherited) @executable_path/Frameworks";
				PRODUCT_BUNDLE_IDENTIFIER = "jp.hmori.tddbc7-poker";
				PRODUCT_NAME = "$(TARGET_NAME)";
				SWIFT_VERSION = 3.0;
			};
			name = Release;
		};
		B66890211F63995C00AA6918 /* Debug */ = {
			isa = XCBuildConfiguration;
			baseConfigurationReference = 99EB3845F0F3E9E87D869C8E /* Pods-tddbc7_pokerTests.debug.xcconfig */;
			buildSettings = {
				ALWAYS_EMBED_SWIFT_STANDARD_LIBRARIES = YES;
				BUNDLE_LOADER = "$(TEST_HOST)";
				CLANG_ENABLE_MODULES = YES;
				DEVELOPMENT_TEAM = 853V26HB36;
				INFOPLIST_FILE = tddbc7_pokerTests/Info.plist;
				LD_RUNPATH_SEARCH_PATHS = "$(inherited) @executable_path/Frameworks @loader_path/Frameworks";
				PRODUCT_BUNDLE_IDENTIFIER = "jp.hmori.tddbc7-pokerTests";
				PRODUCT_NAME = "$(TARGET_NAME)";
				SWIFT_OPTIMIZATION_LEVEL = "-Onone";
				SWIFT_VERSION = 3.0;
				TEST_HOST = "$(BUILT_PRODUCTS_DIR)/tddbc7_poker.app/tddbc7_poker";
			};
			name = Debug;
		};
		B66890221F63995C00AA6918 /* Release */ = {
			isa = XCBuildConfiguration;
			baseConfigurationReference = 5B1A243A76CAE591AAA46266 /* Pods-tddbc7_pokerTests.release.xcconfig */;
			buildSettings = {
				ALWAYS_EMBED_SWIFT_STANDARD_LIBRARIES = YES;
				BUNDLE_LOADER = "$(TEST_HOST)";
				CLANG_ENABLE_MODULES = YES;
				DEVELOPMENT_TEAM = 853V26HB36;
				INFOPLIST_FILE = tddbc7_pokerTests/Info.plist;
				LD_RUNPATH_SEARCH_PATHS = "$(inherited) @executable_path/Frameworks @loader_path/Frameworks";
				PRODUCT_BUNDLE_IDENTIFIER = "jp.hmori.tddbc7-pokerTests";
				PRODUCT_NAME = "$(TARGET_NAME)";
				SWIFT_VERSION = 3.0;
				TEST_HOST = "$(BUILT_PRODUCTS_DIR)/tddbc7_poker.app/tddbc7_poker";
			};
			name = Release;
		};
/* End XCBuildConfiguration section */

/* Begin XCConfigurationList section */
		B6688FFB1F63995B00AA6918 /* Build configuration list for PBXProject "tddbc7_poker" */ = {
			isa = XCConfigurationList;
			buildConfigurations = (
				B668901B1F63995C00AA6918 /* Debug */,
				B668901C1F63995C00AA6918 /* Release */,
			);
			defaultConfigurationIsVisible = 0;
			defaultConfigurationName = Release;
		};
		B668901D1F63995C00AA6918 /* Build configuration list for PBXNativeTarget "tddbc7_poker" */ = {
			isa = XCConfigurationList;
			buildConfigurations = (
				B668901E1F63995C00AA6918 /* Debug */,
				B668901F1F63995C00AA6918 /* Release */,
			);
			defaultConfigurationIsVisible = 0;
			defaultConfigurationName = Release;
		};
		B66890201F63995C00AA6918 /* Build configuration list for PBXNativeTarget "tddbc7_pokerTests" */ = {
			isa = XCConfigurationList;
			buildConfigurations = (
				B66890211F63995C00AA6918 /* Debug */,
				B66890221F63995C00AA6918 /* Release */,
			);
			defaultConfigurationIsVisible = 0;
			defaultConfigurationName = Release;
		};
/* End XCConfigurationList section */
	};
	rootObject = B6688FF81F63995B00AA6918 /* Project object */;
}
